#MicroXplorer Configuration settings - do not modify
CAD.formats=
CAD.pinconfig=
CAD.provider=
FREERTOS.FootprintOK=true
FREERTOS.IPParameters=Tasks01,configUSE_NEWLIB_REENTRANT,FootprintOK
FREERTOS.Tasks01=defaultTask,24,128,StartDefaultTask,Default,NULL,Dynamic,NULL,NULL;MotionTask,32,512,StartMotionTask,As weak,NULL,Dynamic,NULL,NULL;TelemetryTask,16,256,StartTelemetryTask,As weak,NULL,Dynamic,NULL,NULL;CommTask,24,512,StartCommTask,As weak,NULL,Dynamic,NULL,NULL
FREERTOS.configUSE_NEWLIB_REENTRANT=1
File.Version=6
GPIO.groupedBy=Group By Peripherals
KeepUserPlacement=false
Mcu.CPN=STM32F427ZGT6
Mcu.Family=STM32F4
Mcu.IP0=FREERTOS
Mcu.IP1=NVIC
Mcu.IP10=TIM9
Mcu.IP11=UART4
Mcu.IP12=UART7
Mcu.IP13=USART1
Mcu.IP14=USART2
Mcu.IP15=USART3
Mcu.IP2=RCC
Mcu.IP3=SYS
Mcu.IP4=TIM2
Mcu.IP5=TIM3
Mcu.IP6=TIM4
Mcu.IP7=TIM6
Mcu.IP8=TIM7
Mcu.IP9=TIM8
Mcu.IPNb=16
Mcu.Name=STM32F427Z(G-I)Tx
Mcu.Package=LQFP144
Mcu.Pin0=PE2
Mcu.Pin1=PE3
Mcu.Pin10=PH0/OSC_IN
Mcu.Pin11=PH1/OSC_OUT
Mcu.Pin12=PC0
Mcu.Pin13=PC1
Mcu.Pin14=PC2
Mcu.Pin15=PC3
Mcu.Pin16=PA0/WKUP
Mcu.Pin17=PA1
Mcu.Pin18=PA2
Mcu.Pin19=PA6
Mcu.Pin2=PE5
Mcu.Pin20=PA7
Mcu.Pin21=PB0
Mcu.Pin22=PB1
Mcu.Pin23=PF13
Mcu.Pin24=PF14
Mcu.Pin25=PG0
Mcu.Pin26=PG1
Mcu.Pin27=PE7
Mcu.Pin28=PE8
Mcu.Pin29=PE10
Mcu.Pin3=PE6
Mcu.Pin30=PE11
Mcu.Pin31=PE12
Mcu.Pin32=PE13
Mcu.Pin33=PE14
Mcu.Pin34=PE15
Mcu.Pin35=PB10
Mcu.Pin36=PB11
Mcu.Pin37=PD9
Mcu.Pin38=PD12
Mcu.Pin39=PD13
Mcu.Pin4=PC14/OSC32_IN
Mcu.Pin40=PD14
Mcu.Pin41=PD15
Mcu.Pin42=PG4
Mcu.Pin43=PG5
Mcu.Pin44=PC6
Mcu.Pin45=PC7
Mcu.Pin46=PC8
Mcu.Pin47=PC9
Mcu.Pin48=PA9
Mcu.Pin49=PA10
Mcu.Pin5=PC15/OSC32_OUT
Mcu.Pin50=PA13
Mcu.Pin51=PA14
Mcu.Pin52=PC10
Mcu.Pin53=PC11
Mcu.Pin54=PD0
Mcu.Pin55=PD1
Mcu.Pin56=PD3
Mcu.Pin57=PD4
Mcu.Pin58=PD5
Mcu.Pin59=PD6
Mcu.Pin6=PF1
Mcu.Pin60=PG9
Mcu.Pin61=PG10
Mcu.Pin62=PG11
Mcu.Pin63=PG12
Mcu.Pin64=VP_FREERTOS_VS_CMSIS_V2
Mcu.Pin65=VP_SYS_VS_tim1
Mcu.Pin66=VP_TIM6_VS_ClockSourceINT
Mcu.Pin67=VP_TIM7_VS_ClockSourceINT
Mcu.Pin7=PF2
Mcu.Pin8=PF6
Mcu.Pin9=PF7
Mcu.PinsNb=68
Mcu.ThirdPartyNb=0
Mcu.UserConstants=
Mcu.UserName=STM32F427ZGTx
MxCube.Version=6.15.0
MxDb.Version=DB.6.0.150
NVIC.BusFault_IRQn=true\:0\:0\:false\:false\:true\:false\:false\:false\:false
NVIC.DebugMonitor_IRQn=true\:0\:0\:false\:false\:true\:false\:false\:false\:false
NVIC.ForceEnableDMAVector=true
NVIC.HardFault_IRQn=true\:0\:0\:false\:false\:true\:false\:false\:false\:false
NVIC.MemoryManagement_IRQn=true\:0\:0\:false\:false\:true\:false\:false\:false\:false
NVIC.NonMaskableInt_IRQn=true\:0\:0\:false\:false\:true\:false\:false\:false\:false
NVIC.PendSV_IRQn=true\:15\:0\:false\:false\:false\:true\:false\:false\:false
NVIC.PriorityGroup=NVIC_PRIORITYGROUP_4
NVIC.SVCall_IRQn=true\:0\:0\:false\:false\:false\:false\:false\:false\:false
NVIC.SavedPendsvIrqHandlerGenerated=true
NVIC.SavedSvcallIrqHandlerGenerated=true
NVIC.SavedSystickIrqHandlerGenerated=true
NVIC.SysTick_IRQn=true\:15\:0\:false\:false\:false\:true\:false\:true\:false
NVIC.TIM1_UP_TIM10_IRQn=true\:15\:0\:false\:false\:true\:false\:false\:true\:true
NVIC.TIM2_IRQn=true\:0\:0\:true\:false\:true\:false\:true\:true\:true
NVIC.TIM3_IRQn=true\:0\:0\:true\:false\:true\:false\:true\:true\:true
NVIC.TIM6_DAC_IRQn=true\:1\:0\:true\:false\:true\:false\:true\:true\:true
NVIC.TIM7_IRQn=true\:1\:0\:true\:false\:true\:false\:true\:true\:true
NVIC.TIM8_CC_IRQn=true\:0\:0\:true\:false\:true\:false\:true\:true\:true
NVIC.TimeBase=TIM1_UP_TIM10_IRQn
NVIC.TimeBaseIP=TIM1
NVIC.UART4_IRQn=true\:5\:0\:true\:false\:true\:true\:true\:true\:true
NVIC.UART7_IRQn=true\:5\:0\:true\:false\:true\:true\:true\:true\:true
NVIC.USART1_IRQn=true\:5\:0\:true\:false\:true\:true\:true\:true\:true
NVIC.USART2_IRQn=true\:5\:0\:true\:false\:true\:true\:true\:true\:true
NVIC.USART3_IRQn=true\:5\:0\:true\:false\:true\:true\:true\:true\:true
NVIC.UsageFault_IRQn=true\:0\:0\:false\:false\:true\:false\:false\:false\:false
PA0/WKUP.GPIOParameters=GPIO_Speed,GPIO_PuPd
PA0/WKUP.GPIO_PuPd=GPIO_PULLDOWN
PA0/WKUP.GPIO_Speed=GPIO_SPEED_FREQ_MEDIUM
PA0/WKUP.Signal=S_TIM2_CH1_ETR
PA1.GPIOParameters=GPIO_ModeDefaultPP,GPIO_Speed,GPIO_PuPd
PA1.GPIO_ModeDefaultPP=GPIO_MODE_AF_PP
PA1.GPIO_PuPd=GPIO_PULLDOWN
PA1.GPIO_Speed=GPIO_SPEED_FREQ_MEDIUM
PA1.Signal=S_TIM2_CH2
PA10.Mode=Asynchronous
PA10.Signal=USART1_RX
PA13.Mode=Serial_Wire
PA13.Signal=SYS_JTMS-SWDIO
PA14.Mode=Serial_Wire
PA14.Signal=SYS_JTCK-SWCLK
PA2.GPIOParameters=GPIO_ModeDefaultPP,GPIO_Speed,GPIO_PuPd
PA2.GPIO_ModeDefaultPP=GPIO_MODE_AF_PP
PA2.GPIO_PuPd=GPIO_PULLDOWN
PA2.GPIO_Speed=GPIO_SPEED_FREQ_MEDIUM
PA2.Signal=S_TIM2_CH3
PA6.GPIOParameters=GPIO_Speed,GPIO_PuPd
PA6.GPIO_PuPd=GPIO_PULLDOWN
PA6.GPIO_Speed=GPIO_SPEED_FREQ_MEDIUM
PA6.Signal=S_TIM3_CH1
PA7.GPIOParameters=GPIO_Speed,GPIO_PuPd
PA7.GPIO_PuPd=GPIO_PULLDOWN
PA7.GPIO_Speed=GPIO_SPEED_FREQ_MEDIUM
PA7.Signal=S_TIM3_CH2
PA9.Mode=Asynchronous
PA9.Signal=USART1_TX
PB0.GPIOParameters=GPIO_ModeDefaultPP,GPIO_Speed,GPIO_PuPd
PB0.GPIO_ModeDefaultPP=GPIO_MODE_AF_PP
PB0.GPIO_PuPd=GPIO_PULLDOWN
PB0.GPIO_Speed=GPIO_SPEED_FREQ_MEDIUM
PB0.Signal=S_TIM3_CH3
PB1.GPIOParameters=GPIO_ModeDefaultPP,GPIO_Speed,GPIO_PuPd
PB1.GPIO_ModeDefaultPP=GPIO_MODE_AF_PP
PB1.GPIO_PuPd=GPIO_PULLDOWN
PB1.GPIO_Speed=GPIO_SPEED_FREQ_MEDIUM
PB1.Signal=S_TIM3_CH4
PB10.Mode=Asynchronous
PB10.Signal=USART3_TX
PB11.GPIOParameters=GPIO_ModeDefaultPP,GPIO_Speed,GPIO_PuPd
PB11.GPIO_ModeDefaultPP=GPIO_MODE_AF_PP
PB11.GPIO_PuPd=GPIO_PULLDOWN
PB11.GPIO_Speed=GPIO_SPEED_FREQ_MEDIUM
PB11.Locked=true
PB11.Signal=S_TIM2_CH4
PC0.Locked=true
PC0.Signal=GPIO_Output
PC1.Locked=true
PC1.Signal=GPIO_Output
PC10.Locked=true
PC10.Mode=Asynchronous
PC10.Signal=UART4_TX
PC11.Locked=true
PC11.Mode=Asynchronous
PC11.Signal=UART4_RX
PC14/OSC32_IN.Mode=LSE-External-Oscillator
PC14/OSC32_IN.Signal=RCC_OSC32_IN
PC15/OSC32_OUT.Mode=LSE-External-Oscillator
PC15/OSC32_OUT.Signal=RCC_OSC32_OUT
PC2.Locked=true
PC2.Signal=GPIO_Output
PC3.Locked=true
PC3.Signal=GPIO_Output
PC6.GPIOParameters=GPIO_ModeDefaultPP,GPIO_Speed,GPIO_PuPd
PC6.GPIO_ModeDefaultPP=GPIO_MODE_AF_PP
PC6.GPIO_PuPd=GPIO_PULLDOWN
PC6.GPIO_Speed=GPIO_SPEED_FREQ_MEDIUM
PC6.Signal=S_TIM8_CH1
PC7.GPIOParameters=GPIO_ModeDefaultPP,GPIO_Speed,GPIO_PuPd
PC7.GPIO_ModeDefaultPP=GPIO_MODE_AF_PP
PC7.GPIO_PuPd=GPIO_PULLDOWN
PC7.GPIO_Speed=GPIO_SPEED_FREQ_MEDIUM
PC7.Signal=S_TIM8_CH2
PC8.GPIOParameters=GPIO_ModeDefaultPP,GPIO_Speed,GPIO_PuPd
PC8.GPIO_ModeDefaultPP=GPIO_MODE_AF_PP
PC8.GPIO_PuPd=GPIO_PULLDOWN
PC8.GPIO_Speed=GPIO_SPEED_FREQ_MEDIUM
PC8.Signal=S_TIM8_CH3
PC9.GPIOParameters=GPIO_ModeDefaultPP,GPIO_Speed,GPIO_PuPd
PC9.GPIO_ModeDefaultPP=GPIO_MODE_AF_PP
PC9.GPIO_PuPd=GPIO_PULLDOWN
PC9.GPIO_Speed=GPIO_SPEED_FREQ_MEDIUM
PC9.Signal=S_TIM8_CH4
PD0.GPIOParameters=GPIO_Speed,PinState
PD0.GPIO_Speed=GPIO_SPEED_FREQ_MEDIUM
PD0.Locked=true
PD0.PinState=GPIO_PIN_SET
PD0.Signal=GPIO_Output
PD1.GPIOParameters=GPIO_Speed
PD1.GPIO_Speed=GPIO_SPEED_FREQ_MEDIUM
PD1.Locked=true
PD1.Signal=GPIO_Output
PD12.GPIOParameters=GPIO_ModeDefaultPP,GPIO_Speed,GPIO_PuPd
PD12.GPIO_ModeDefaultPP=GPIO_MODE_AF_PP
PD12.GPIO_PuPd=GPIO_NOPULL
PD12.GPIO_Speed=GPIO_SPEED_FREQ_VERY_HIGH
PD12.Signal=S_TIM4_CH1
PD13.GPIOParameters=GPIO_ModeDefaultPP,GPIO_Speed,GPIO_PuPd
PD13.GPIO_ModeDefaultPP=GPIO_MODE_AF_PP
PD13.GPIO_PuPd=GPIO_NOPULL
PD13.GPIO_Speed=GPIO_SPEED_FREQ_VERY_HIGH
PD13.Signal=S_TIM4_CH2
PD14.GPIOParameters=GPIO_ModeDefaultPP,GPIO_Speed,GPIO_PuPd
PD14.GPIO_ModeDefaultPP=GPIO_MODE_AF_PP
PD14.GPIO_PuPd=GPIO_NOPULL
PD14.GPIO_Speed=GPIO_SPEED_FREQ_VERY_HIGH
PD14.Signal=S_TIM4_CH3
PD15.GPIOParameters=GPIO_ModeDefaultPP,GPIO_Speed,GPIO_PuPd
PD15.GPIO_ModeDefaultPP=GPIO_MODE_AF_PP
PD15.GPIO_PuPd=GPIO_NOPULL
PD15.GPIO_Speed=GPIO_SPEED_FREQ_VERY_HIGH
PD15.Signal=S_TIM4_CH4
PD3.GPIOParameters=GPIO_Speed,PinState
PD3.GPIO_Speed=GPIO_SPEED_FREQ_MEDIUM
PD3.Locked=true
PD3.PinState=GPIO_PIN_SET
PD3.Signal=GPIO_Output
PD4.GPIOParameters=GPIO_Speed
PD4.GPIO_Speed=GPIO_SPEED_FREQ_MEDIUM
PD4.Locked=true
PD4.Signal=GPIO_Output
PD5.Mode=Asynchronous
PD5.Signal=USART2_TX
PD6.Locked=true
PD6.Mode=Asynchronous
PD6.Signal=USART2_RX
PD9.Locked=true
PD9.Mode=Asynchronous
PD9.Signal=USART3_RX
PE10.Locked=true
PE10.Signal=GPIO_Output
PE11.Locked=true
PE11.Signal=GPIO_Output
PE12.Locked=true
PE12.Signal=GPIO_Output
PE13.Locked=true
PE13.Signal=GPIO_Output
PE14.Locked=true
PE14.Signal=GPIO_Output
PE15.Locked=true
PE15.Signal=GPIO_Output
PE2.GPIOParameters=GPIO_Speed,PinState
PE2.GPIO_Speed=GPIO_SPEED_FREQ_MEDIUM
PE2.Locked=true
PE2.PinState=GPIO_PIN_SET
PE2.Signal=GPIO_Output
PE3.GPIOParameters=GPIO_Speed
PE3.GPIO_Speed=GPIO_SPEED_FREQ_MEDIUM
PE3.Locked=true
PE3.Signal=GPIO_Output
PE5.GPIOParameters=GPIO_ModeDefaultPP,GPIO_Speed,GPIO_PuPd
PE5.GPIO_ModeDefaultPP=GPIO_MODE_AF_PP
PE5.GPIO_PuPd=GPIO_NOPULL
PE5.GPIO_Speed=GPIO_SPEED_FREQ_VERY_HIGH
PE5.Signal=S_TIM9_CH1
PE6.GPIOParameters=GPIO_ModeDefaultPP,GPIO_Speed,GPIO_PuPd
PE6.GPIO_ModeDefaultPP=GPIO_MODE_AF_PP
PE6.GPIO_PuPd=GPIO_NOPULL
PE6.GPIO_Speed=GPIO_SPEED_FREQ_VERY_HIGH
PE6.Signal=S_TIM9_CH2
PE7.Locked=true
PE7.Signal=GPIO_Output
PE8.Locked=true
PE8.Signal=GPIO_Output
PF1.GPIOParameters=GPIO_Speed,PinState
PF1.GPIO_Speed=GPIO_SPEED_FREQ_MEDIUM
PF1.Locked=true
PF1.PinState=GPIO_PIN_SET
PF1.Signal=GPIO_Output
PF13.Locked=true
PF13.Signal=GPIO_Output
PF14.Locked=true
PF14.Signal=GPIO_Output
PF2.GPIOParameters=GPIO_Speed
PF2.GPIO_Speed=GPIO_SPEED_FREQ_MEDIUM
PF2.Locked=true
PF2.Signal=GPIO_Output
PF6.Mode=Asynchronous
PF6.Signal=UART7_RX
PF7.Mode=Asynchronous
PF7.Signal=UART7_TX
PG0.Locked=true
PG0.Signal=GPIO_Output
PG1.Locked=true
PG1.Signal=GPIO_Output
PG10.GPIOParameters=GPIO_Speed
PG10.GPIO_Speed=GPIO_SPEED_FREQ_MEDIUM
PG10.Locked=true
PG10.Signal=GPIO_Output
PG11.GPIOParameters=GPIO_Speed,PinState
PG11.GPIO_Speed=GPIO_SPEED_FREQ_MEDIUM
PG11.Locked=true
PG11.PinState=GPIO_PIN_SET
PG11.Signal=GPIO_Output
PG12.GPIOParameters=GPIO_Speed
PG12.GPIO_Speed=GPIO_SPEED_FREQ_MEDIUM
PG12.Locked=true
PG12.Signal=GPIO_Output
PG4.Locked=true
PG4.Signal=GPIO_Output
PG5.Locked=true
PG5.Signal=GPIO_Output
PG9.GPIOParameters=GPIO_Speed,PinState
PG9.GPIO_Speed=GPIO_SPEED_FREQ_MEDIUM
PG9.Locked=true
PG9.PinState=GPIO_PIN_SET
PG9.Signal=GPIO_Output
PH0/OSC_IN.Mode=HSE-External-Oscillator
PH0/OSC_IN.Signal=RCC_OSC_IN
PH1/OSC_OUT.Mode=HSE-External-Oscillator
PH1/OSC_OUT.Signal=RCC_OSC_OUT
PinOutPanel.RotationAngle=0
ProjectManager.AskForMigrate=true
ProjectManager.BackupPrevious=false
ProjectManager.CompilerLinker=GCC
ProjectManager.CompilerOptimize=6
ProjectManager.ComputerToolchain=false
ProjectManager.CoupleFile=true
ProjectManager.CustomerFirmwarePackage=
ProjectManager.DefaultFWLocation=true
ProjectManager.DeletePrevious=true
ProjectManager.DeviceId=STM32F427ZGTx
ProjectManager.FirmwarePackage=STM32Cube FW_F4 V1.28.3
ProjectManager.FreePins=false
ProjectManager.HalAssertFull=false
ProjectManager.HeapSize=0x200
ProjectManager.KeepUserCode=true
ProjectManager.LastFirmware=true
ProjectManager.LibraryCopy=1
ProjectManager.MainLocation=Core/Src
ProjectManager.NoMain=false
ProjectManager.PreviousToolchain=
ProjectManager.ProjectBuild=false
ProjectManager.ProjectFileName=stm32-ASABE2026.ioc
ProjectManager.ProjectName=stm32-ASABE2026
ProjectManager.ProjectStructure=
ProjectManager.RegisterCallBack=
ProjectManager.StackSize=0x1000
ProjectManager.TargetToolchain=STM32CubeIDE
ProjectManager.ToolChainLocation=
ProjectManager.UAScriptAfterPath=
ProjectManager.UAScriptBeforePath=
ProjectManager.UnderRoot=true
ProjectManager.functionlistsort=1-SystemClock_Config-RCC-false-HAL-false,2-MX_GPIO_Init-GPIO-false-HAL-true,3-MX_TIM2_Init-TIM2-false-HAL-true,4-MX_TIM3_Init-TIM3-false-HAL-true,5-MX_TIM4_Init-TIM4-false-HAL-true,6-MX_TIM8_Init-TIM8-false-HAL-true,7-MX_TIM6_Init-TIM6-false-HAL-true,8-MX_UART4_Init-UART4-false-HAL-true,9-MX_TIM9_Init-TIM9-false-HAL-true,10-MX_UART7_Init-UART7-false-HAL-true,11-MX_USART1_UART_Init-USART1-false-HAL-true,12-MX_USART2_UART_Init-USART2-false-HAL-true,13-MX_USART3_UART_Init-USART3-false-HAL-true,14-MX_TIM7_Init-TIM7-false-HAL-true
RCC.48MHZClocksFreq_Value=84000000
RCC.AHBFreq_Value=168000000
RCC.APB1CLKDivider=RCC_HCLK_DIV4
RCC.APB1Freq_Value=42000000
RCC.APB1TimFreq_Value=84000000
RCC.APB2CLKDivider=RCC_HCLK_DIV2
RCC.APB2Freq_Value=84000000
RCC.APB2TimFreq_Value=168000000
RCC.CortexFreq_Value=168000000
RCC.EthernetFreq_Value=168000000
RCC.FCLKCortexFreq_Value=168000000
RCC.FamilyName=M
RCC.HCLKFreq_Value=168000000
RCC.HSE_VALUE=8000000
RCC.HSI_VALUE=16000000
RCC.I2SClocksFreq_Value=96000000
RCC.IPParameters=48MHZClocksFreq_Value,AHBFreq_Value,APB1CLKDivider,APB1Freq_Value,APB1TimFreq_Value,APB2CLKDivider,APB2Freq_Value,APB2TimFreq_Value,CortexFreq_Value,EthernetFreq_Value,FCLKCortexFreq_Value,FamilyName,HCLKFreq_Value,HSE_VALUE,HSI_VALUE,I2SClocksFreq_Value,LSI_VALUE,MCO2PinFreq_Value,PLLCLKFreq_Value,PLLM,PLLN,PLLQCLKFreq_Value,PLLSourceVirtual,RTCFreq_Value,RTCHSEDivFreq_Value,SAI_AClocksFreq_Value,SAI_BClocksFreq_Value,SYSCLKFreq_VALUE,SYSCLKSource,VCOI2SOutputFreq_Value,VCOInputFreq_Value,VCOOutputFreq_Value,VCOSAIOutputFreq_Value,VCOSAIOutputFreq_ValueQ,VcooutputI2S,VcooutputI2SQ
RCC.LSI_VALUE=32000
RCC.MCO2PinFreq_Value=168000000
RCC.PLLCLKFreq_Value=168000000
RCC.PLLM=8
RCC.PLLN=336
RCC.PLLQCLKFreq_Value=84000000
RCC.PLLSourceVirtual=RCC_PLLSOURCE_HSE
RCC.RTCFreq_Value=32000
RCC.RTCHSEDivFreq_Value=4000000
RCC.SAI_AClocksFreq_Value=12250000
RCC.SAI_BClocksFreq_Value=12250000
RCC.SYSCLKFreq_VALUE=168000000
RCC.SYSCLKSource=RCC_SYSCLKSOURCE_PLLCLK
RCC.VCOI2SOutputFreq_Value=192000000
RCC.VCOInputFreq_Value=1000000
RCC.VCOOutputFreq_Value=336000000
RCC.VCOSAIOutputFreq_Value=49000000
RCC.VCOSAIOutputFreq_ValueQ=12250000
RCC.VcooutputI2S=96000000
RCC.VcooutputI2SQ=96000000
SH.S_TIM2_CH1_ETR.0=TIM2_CH1,Input_Capture1_from_TI1
SH.S_TIM2_CH1_ETR.ConfNb=1
SH.S_TIM2_CH2.0=TIM2_CH2,Input_Capture2_from_TI2
SH.S_TIM2_CH2.ConfNb=1
SH.S_TIM2_CH3.0=TIM2_CH3,Input_Capture3_from_TI3
SH.S_TIM2_CH3.ConfNb=1
SH.S_TIM2_CH4.0=TIM2_CH4,Input_Capture4_from_TI4
SH.S_TIM2_CH4.ConfNb=1
SH.S_TIM3_CH1.0=TIM3_CH1,Input_Capture1_from_TI1
SH.S_TIM3_CH1.ConfNb=1
SH.S_TIM3_CH2.0=TIM3_CH2,Input_Capture2_from_TI2
SH.S_TIM3_CH2.ConfNb=1
SH.S_TIM3_CH3.0=TIM3_CH3,Input_Capture3_from_TI3
SH.S_TIM3_CH3.ConfNb=1
SH.S_TIM3_CH4.0=TIM3_CH4,Input_Capture4_from_TI4
SH.S_TIM3_CH4.ConfNb=1
SH.S_TIM4_CH1.0=TIM4_CH1,PWM Generation1 CH1
SH.S_TIM4_CH1.ConfNb=1
SH.S_TIM4_CH2.0=TIM4_CH2,PWM Generation2 CH2
SH.S_TIM4_CH2.ConfNb=1
SH.S_TIM4_CH3.0=TIM4_CH3,PWM Generation3 CH3
SH.S_TIM4_CH3.ConfNb=1
SH.S_TIM4_CH4.0=TIM4_CH4,PWM Generation4 CH4
SH.S_TIM4_CH4.ConfNb=1
SH.S_TIM8_CH1.0=TIM8_CH1,Input_Capture1_from_TI1
SH.S_TIM8_CH1.ConfNb=1
SH.S_TIM8_CH2.0=TIM8_CH2,Input_Capture2_from_TI2
SH.S_TIM8_CH2.ConfNb=1
SH.S_TIM8_CH3.0=TIM8_CH3,Input_Capture3_from_TI3
SH.S_TIM8_CH3.ConfNb=1
SH.S_TIM8_CH4.0=TIM8_CH4,Input_Capture4_from_TI4
SH.S_TIM8_CH4.ConfNb=1
SH.S_TIM9_CH1.0=TIM9_CH1,PWM Generation1 CH1
SH.S_TIM9_CH1.ConfNb=1
SH.S_TIM9_CH2.0=TIM9_CH2,PWM Generation2 CH2
SH.S_TIM9_CH2.ConfNb=1
TIM2.Channel-Input_Capture1_from_TI1=TIM_CHANNEL_1
TIM2.Channel-Input_Capture2_from_TI2=TIM_CHANNEL_2
TIM2.Channel-Input_Capture3_from_TI3=TIM_CHANNEL_3
TIM2.Channel-Input_Capture4_from_TI4=TIM_CHANNEL_4
TIM2.ICFilter_CH2=4
TIM2.ICFilter_CH3=4
TIM2.ICFilter_CH4=4
TIM2.ICPolarity_CH2=TIM_INPUTCHANNELPOLARITY_BOTHEDGE
TIM2.ICPolarity_CH3=TIM_INPUTCHANNELPOLARITY_BOTHEDGE
TIM2.ICPolarity_CH4=TIM_INPUTCHANNELPOLARITY_BOTHEDGE
TIM2.IPParameters=Prescaler,Channel-Input_Capture3_from_TI3,ICPolarity_CH3,Channel-Input_Capture2_from_TI2,Channel-Input_Capture4_from_TI4,ICPolarity_CH4,ICPolarity_CH2,ICFilter_CH2,ICFilter_CH3,ICFilter_CH4,Channel-Input_Capture1_from_TI1
TIM2.Prescaler=0
TIM3.Channel-Input_Capture1_from_TI1=TIM_CHANNEL_1
TIM3.Channel-Input_Capture2_from_TI2=TIM_CHANNEL_2
TIM3.Channel-Input_Capture3_from_TI3=TIM_CHANNEL_3
TIM3.Channel-Input_Capture4_from_TI4=TIM_CHANNEL_4
TIM3.ICFilter_CH1=4
TIM3.ICFilter_CH2=4
TIM3.ICFilter_CH3=4
TIM3.ICFilter_CH4=4
TIM3.ICPolarity_CH1=TIM_INPUTCHANNELPOLARITY_BOTHEDGE
TIM3.ICPolarity_CH2=TIM_INPUTCHANNELPOLARITY_BOTHEDGE
TIM3.ICPolarity_CH3=TIM_INPUTCHANNELPOLARITY_BOTHEDGE
TIM3.ICPolarity_CH4=TIM_INPUTCHANNELPOLARITY_BOTHEDGE
TIM3.IPParameters=Channel-Input_Capture1_from_TI1,Channel-Input_Capture2_from_TI2,Channel-Input_Capture3_from_TI3,Channel-Input_Capture4_from_TI4,ICPolarity_CH1,ICPolarity_CH2,ICPolarity_CH3,ICPolarity_CH4,ICFilter_CH1,ICFilter_CH2,ICFilter_CH3,ICFilter_CH4
TIM4.AutoReloadPreload=TIM_AUTORELOAD_PRELOAD_ENABLE
TIM4.Channel-PWM\ Generation1\ CH1=TIM_CHANNEL_1
TIM4.Channel-PWM\ Generation2\ CH2=TIM_CHANNEL_2
TIM4.Channel-PWM\ Generation3\ CH3=TIM_CHANNEL_3
TIM4.Channel-PWM\ Generation4\ CH4=TIM_CHANNEL_4
TIM4.IPParameters=Channel-PWM Generation1 CH1,Prescaler,Period,AutoReloadPreload,Channel-PWM Generation2 CH2,Channel-PWM Generation3 CH3,Channel-PWM Generation4 CH4
TIM4.Period=1000-1
TIM4.Prescaler=72-1
TIM6.IPParameters=Prescaler,Period
TIM6.Period=1999
TIM6.Prescaler=839
TIM7.IPParameters=Prescaler,Period
TIM7.Period=10-1
TIM7.Prescaler=839
TIM8.Channel-Input_Capture1_from_TI1=TIM_CHANNEL_1
TIM8.Channel-Input_Capture2_from_TI2=TIM_CHANNEL_2
TIM8.Channel-Input_Capture3_from_TI3=TIM_CHANNEL_3
TIM8.Channel-Input_Capture4_from_TI4=TIM_CHANNEL_4
TIM8.ICFilter_CH1=4
TIM8.ICFilter_CH2=4
TIM8.ICFilter_CH3=4
TIM8.ICFilter_CH4=4
TIM8.ICPolarity_CH1=TIM_INPUTCHANNELPOLARITY_BOTHEDGE
TIM8.ICPolarity_CH2=TIM_INPUTCHANNELPOLARITY_BOTHEDGE
TIM8.ICPolarity_CH3=TIM_INPUTCHANNELPOLARITY_BOTHEDGE
TIM8.ICPolarity_CH4=TIM_INPUTCHANNELPOLARITY_BOTHEDGE
TIM8.IPParameters=Channel-Input_Capture1_from_TI1,Channel-Input_Capture2_from_TI2,Channel-Input_Capture3_from_TI3,Channel-Input_Capture4_from_TI4,ICPolarity_CH1,ICPolarity_CH2,ICPolarity_CH3,ICPolarity_CH4,ICFilter_CH1,ICFilter_CH2,ICFilter_CH3,ICFilter_CH4
TIM9.AutoReloadPreload=TIM_AUTORELOAD_PRELOAD_ENABLE
TIM9.Channel-PWM\ Generation1\ CH1=TIM_CHANNEL_1
TIM9.Channel-PWM\ Generation2\ CH2=TIM_CHANNEL_2
TIM9.IPParameters=Channel-PWM Generation1 CH1,Channel-PWM Generation2 CH2,Prescaler,Period,AutoReloadPreload
TIM9.Period=1000-1
TIM9.Prescaler=144-1
UART4.BaudRate=9600
UART4.IPParameters=VirtualMode,BaudRate
UART4.VirtualMode=Asynchronous
UART7.IPParameters=VirtualMode
UART7.VirtualMode=Asynchronous
USART1.IPParameters=VirtualMode
USART1.VirtualMode=VM_ASYNC
USART2.IPParameters=VirtualMode
USART2.VirtualMode=VM_ASYNC
USART3.IPParameters=VirtualMode
USART3.VirtualMode=VM_ASYNC
VP_FREERTOS_VS_CMSIS_V2.Mode=CMSIS_V2
VP_FREERTOS_VS_CMSIS_V2.Signal=FREERTOS_VS_CMSIS_V2
VP_SYS_VS_tim1.Mode=TIM1
VP_SYS_VS_tim1.Signal=SYS_VS_tim1
VP_TIM6_VS_ClockSourceINT.Mode=Enable_Timer
VP_TIM6_VS_ClockSourceINT.Signal=TIM6_VS_ClockSourceINT
VP_TIM7_VS_ClockSourceINT.Mode=Enable_Timer
VP_TIM7_VS_ClockSourceINT.Signal=TIM7_VS_ClockSourceINT
board=custom
rtos.0.ip=FREERTOS
isbadioc=false
